
Microsoft Visual Studio Solution File, Format Version 12.00
# Visual Studio 15
VisualStudioVersion = 15.0.28307.572
MinimumVisualStudioVersion = 10.0.40219.1
Project("{FAE04EC0-301F-11D3-BF4B-00C04F79EFBC}") = "CopyTheFileShowPercent", "CopyTheFileShowPercent\CopyTheFileShowPercent.csproj", "{6ABDC41F-8278-430B-A8C0-317E1D276A39}"
EndProject
Global
	GlobalSection(SolutionConfigurationPlatforms) = preSolution
		Debug|Any CPU = Debug|Any CPU
		Release|Any CPU = Release|Any CPU
	EndGlobalSection
	GlobalSection(ProjectConfigurationPlatforms) = postSolution
		{6ABDC41F-8278-430B-A8C0-317E1D276A39}.Debug|Any CPU.ActiveCfg = Debug|Any CPU
		{6ABDC41F-8278-430B-A8C0-317E1D276A39}.Debug|Any CPU.Build.0 = Debug|Any CPU
		{6ABDC41F-8278-430B-A8C0-317E1D276A39}.Release|Any CPU.ActiveCfg = Release|Any CPU
		{6ABDC41F-8278-430B-A8C0-317E1D276A39}.Release|Any CPU.Build.0 = Release|Any CPU
	EndGlobalSection
	GlobalSection(SolutionProperties) = preSolution
		HideSolutionNode = FALSE
	EndGlobalSection
	GlobalSection(ExtensibilityGlobals) = postSolution
		SolutionGuid = {8F1FF786-D374-4CEF-9FBC-8F35C33A96DC}
	EndGlobalSection
EndGlobal
